<?xml version="1.0" encoding="utf-8"?>
<Project ToolsVersion="4.0" xmlns="http://schemas.microsoft.com/developer/msbuild/2003">
  <ItemGroup>
    <Filter Include="源文件">
      <UniqueIdentifier>{4FC737F1-C7A5-4376-A066-2A32D752A2FF}</UniqueIdentifier>
      <Extensions>cpp;c;cc;cxx;c++;cppm;ixx;def;odl;idl;hpj;bat;asm;asmx</Extensions>
    </Filter>
    <Filter Include="头文件">
      <UniqueIdentifier>{93995380-89BD-4b04-88EB-625FBE52EBFB}</UniqueIdentifier>
      <Extensions>h;hh;hpp;hxx;h++;hm;inl;inc;ipp;xsd</Extensions>
    </Filter>
    <Filter Include="资源文件">
      <UniqueIdentifier>{67DA6AB6-F800-4c08-8B7A-83BB121AAD01}</UniqueIdentifier>
      <Extensions>rc;ico;cur;bmp;dlg;rc2;rct;bin;rgs;gif;jpg;jpeg;jpe;resx;tiff;tif;png;wav;mfcribbon-ms</Extensions>
    </Filter>
    <Filter Include="资源文件\shaders">
      <UniqueIdentifier>{e7546565-836b-4814-adc7-6e52e092392f}</UniqueIdentifier>
    </Filter>
    <Filter Include="资源文件\textures">
      <UniqueIdentifier>{9b5a1236-5787-4bf4-8b8c-af569dcd3464}</UniqueIdentifier>
    </Filter>
    <Filter Include="头文件\OldTestCode">
      <UniqueIdentifier>{d7abe347-eb27-4ac1-b2ff-68f53093748a}</UniqueIdentifier>
    </Filter>
    <Filter Include="源文件\OldTestCode">
      <UniqueIdentifier>{42132605-9631-4b6b-97e8-82a7b2f5055f}</UniqueIdentifier>
    </Filter>
    <Filter Include="头文件\GLframework">
      <UniqueIdentifier>{a5902198-03e7-4574-b898-c90887d8ad28}</UniqueIdentifier>
    </Filter>
    <Filter Include="源文件\GLframework">
      <UniqueIdentifier>{98157fdf-3762-4722-8320-cf49012d5584}</UniqueIdentifier>
    </Filter>
    <Filter Include="源文件\Application">
      <UniqueIdentifier>{91ec29b3-af2b-411d-892e-a94dcb4714fd}</UniqueIdentifier>
    </Filter>
    <Filter Include="头文件\Application">
      <UniqueIdentifier>{58d860ac-20a9-48ce-b871-46a830d95949}</UniqueIdentifier>
    </Filter>
    <Filter Include="头文件\Application\camera">
      <UniqueIdentifier>{dcb371ff-b6b1-408b-a22b-a6914a3bfc16}</UniqueIdentifier>
    </Filter>
    <Filter Include="源文件\Application\camera">
      <UniqueIdentifier>{40a69472-ad5f-4611-8349-308ec3bf9000}</UniqueIdentifier>
    </Filter>
  </ItemGroup>
  <ItemGroup>
    <ClCompile Include="main.cpp">
      <Filter>源文件</Filter>
    </ClCompile>
    <ClCompile Include="..\..\..\..\Users\asus\Downloads\glad\src\glad.c">
      <Filter>源文件</Filter>
    </ClCompile>
    <ClCompile Include="GL_ERROR_FIND.cpp">
      <Filter>源文件</Filter>
    </ClCompile>
    <ClCompile Include="OldTestCode.cpp">
      <Filter>源文件\OldTestCode</Filter>
    </ClCompile>
    <ClCompile Include="shader.cpp">
      <Filter>源文件\GLframework</Filter>
    </ClCompile>
    <ClCompile Include="Application.cpp">
      <Filter>源文件\Application</Filter>
    </ClCompile>
    <ClCompile Include="texture.cpp">
      <Filter>源文件\GLframework</Filter>
    </ClCompile>
    <ClCompile Include="camera.cpp">
      <Filter>源文件\Application\camera</Filter>
    </ClCompile>
    <ClCompile Include="orthographiccamera.cpp">
      <Filter>源文件\Application\camera</Filter>
    </ClCompile>
    <ClCompile Include="perspectivecamera.cpp">
      <Filter>源文件\Application\camera</Filter>
    </ClCompile>
    <ClCompile Include="cameracontrol.cpp">
      <Filter>源文件\Application\camera</Filter>
    </ClCompile>
    <ClCompile Include="trackBallCameraControl.cpp">
      <Filter>源文件\Application\camera</Filter>
    </ClCompile>
    <ClCompile Include="gamecameracontrol.cpp">
      <Filter>源文件\Application\camera</Filter>
    </ClCompile>
  </ItemGroup>
  <ItemGroup>
    <ClInclude Include="GL_ERROR_FIND.h">
      <Filter>头文件</Filter>
    </ClInclude>
    <ClInclude Include="core.h">
      <Filter>头文件</Filter>
    </ClInclude>
    <ClInclude Include="resource.h">
      <Filter>头文件</Filter>
    </ClInclude>
    <ClInclude Include="stb_image.h">
      <Filter>头文件</Filter>
    </ClInclude>
    <ClInclude Include="OldTestCode.h">
      <Filter>头文件\OldTestCode</Filter>
    </ClInclude>
    <ClInclude Include="shader.h">
      <Filter>头文件\GLframework</Filter>
    </ClInclude>
    <ClInclude Include="Application.h">
      <Filter>头文件\Application</Filter>
    </ClInclude>
    <ClInclude Include="texture.h">
      <Filter>头文件\GLframework</Filter>
    </ClInclude>
    <ClInclude Include="camera.h">
      <Filter>头文件\Application\camera</Filter>
    </ClInclude>
    <ClInclude Include="orthographiccamera.h">
      <Filter>头文件\Application\camera</Filter>
    </ClInclude>
    <ClInclude Include="perspectivecamera.h">
      <Filter>头文件\Application\camera</Filter>
    </ClInclude>
    <ClInclude Include="cameracontrol.h">
      <Filter>头文件\Application\camera</Filter>
    </ClInclude>
    <ClInclude Include="trackBallCameraControl.h">
      <Filter>头文件\Application\camera</Filter>
    </ClInclude>
    <ClInclude Include="gamecameracontrol.h">
      <Filter>头文件\Application\camera</Filter>
    </ClInclude>
  </ItemGroup>
  <ItemGroup>
    <None Include="fragment.glsl">
      <Filter>资源文件\shaders</Filter>
    </None>
    <None Include="vertex.glsl">
      <Filter>资源文件\shaders</Filter>
    </None>
    <None Include="fragmentAuto.glsl">
      <Filter>资源文件\shaders</Filter>
    </None>
    <None Include="vertexAuto.glsl">
      <Filter>资源文件\shaders</Filter>
    </None>
  </ItemGroup>
  <ItemGroup>
    <ResourceCompile Include="text2.rc">
      <Filter>资源文件</Filter>
    </ResourceCompile>
  </ItemGroup>
  <ItemGroup>
    <Image Include="Texture\下载.jpg">
      <Filter>资源文件\textures</Filter>
    </Image>
    <Image Include="Texture\panda.jpg">
      <Filter>资源文件\textures</Filter>
    </Image>
    <Image Include="Texture\grass.jpg">
      <Filter>资源文件\textures</Filter>
    </Image>
    <Image Include="Texture\land.jpg">
      <Filter>资源文件\textures</Filter>
    </Image>
    <Image Include="Texture\noise.jpg">
      <Filter>资源文件\textures</Filter>
    </Image>
  </ItemGroup>
</Project>